
Microsoft Visual Studio Solution File, Format Version 12.00
# Visual Studio Version 17
VisualStudioVersion = 17.12.35514.174
MinimumVisualStudioVersion = 10.0.40219.1
Project("{FAE04EC0-301F-11D3-BF4B-00C04F79EFBC}") = "TripManager", "TripManager\TripManager.csproj", "{0D72CBBC-905C-4CD5-AC73-74855F019BE7}"
EndProject
Project("{FAE04EC0-301F-11D3-BF4B-00C04F79EFBC}") = "DL", "DL\DL.csproj", "{8F9D976A-809B-416E-836D-B0E1238CA9CB}"
EndProject
Project("{FAE04EC0-301F-11D3-BF4B-00C04F79EFBC}") = "BLL", "BLL\BLL.csproj", "{CC104961-304F-4054-A330-61C4BAF2F1CA}"
EndProject
Global
	GlobalSection(SolutionConfigurationPlatforms) = preSolution
		Debug|Any CPU = Debug|Any CPU
		Release|Any CPU = Release|Any CPU
	EndGlobalSection
	GlobalSection(ProjectConfigurationPlatforms) = postSolution
		{0D72CBBC-905C-4CD5-AC73-74855F019BE7}.Debug|Any CPU.ActiveCfg = Debug|Any CPU
		{0D72CBBC-905C-4CD5-AC73-74855F019BE7}.Debug|Any CPU.Build.0 = Debug|Any CPU
		{0D72CBBC-905C-4CD5-AC73-74855F019BE7}.Release|Any CPU.ActiveCfg = Release|Any CPU
		{0D72CBBC-905C-4CD5-AC73-74855F019BE7}.Release|Any CPU.Build.0 = Release|Any CPU
		{8F9D976A-809B-416E-836D-B0E1238CA9CB}.Debug|Any CPU.ActiveCfg = Debug|Any CPU
		{8F9D976A-809B-416E-836D-B0E1238CA9CB}.Debug|Any CPU.Build.0 = Debug|Any CPU
		{8F9D976A-809B-416E-836D-B0E1238CA9CB}.Release|Any CPU.ActiveCfg = Release|Any CPU
		{8F9D976A-809B-416E-836D-B0E1238CA9CB}.Release|Any CPU.Build.0 = Release|Any CPU
		{CC104961-304F-4054-A330-61C4BAF2F1CA}.Debug|Any CPU.ActiveCfg = Debug|Any CPU
		{CC104961-304F-4054-A330-61C4BAF2F1CA}.Debug|Any CPU.Build.0 = Debug|Any CPU
		{CC104961-304F-4054-A330-61C4BAF2F1CA}.Release|Any CPU.ActiveCfg = Release|Any CPU
		{CC104961-304F-4054-A330-61C4BAF2F1CA}.Release|Any CPU.Build.0 = Release|Any CPU
	EndGlobalSection
	GlobalSection(SolutionProperties) = preSolution
		HideSolutionNode = FALSE
	EndGlobalSection
EndGlobal
